
Microsoft Visual Studio Solution File, Format Version 12.00
# Visual Studio Version 17
VisualStudioVersion = 17.13.35825.156 d17.13
MinimumVisualStudioVersion = 10.0.40219.1
Project("{FAE04EC0-301F-11D3-BF4B-00C04F79EFBC}") = "SpreadsheetApiDataBinding", "SpreadsheetApiDataBinding\SpreadsheetApiDataBinding.csproj", "{CCAD0A23-980B-4138-A1D0-B9521863B6E0}"
EndProject
Global
	GlobalSection(SolutionConfigurationPlatforms) = preSolution
		Debug|Any CPU = Debug|Any CPU
		Release|Any CPU = Release|Any CPU
	EndGlobalSection
	GlobalSection(ProjectConfigurationPlatforms) = postSolution
		{CCAD0A23-980B-4138-A1D0-B9521863B6E0}.Debug|Any CPU.ActiveCfg = Debug|Any CPU
		{CCAD0A23-980B-4138-A1D0-B9521863B6E0}.Debug|Any CPU.Build.0 = Debug|Any CPU
		{CCAD0A23-980B-4138-A1D0-B9521863B6E0}.Release|Any CPU.ActiveCfg = Release|Any CPU
		{CCAD0A23-980B-4138-A1D0-B9521863B6E0}.Release|Any CPU.Build.0 = Release|Any CPU
	EndGlobalSection
	GlobalSection(SolutionProperties) = preSolution
		HideSolutionNode = FALSE
	EndGlobalSection
	GlobalSection(ExtensibilityGlobals) = postSolution
		SolutionGuid = {A42EF82C-956E-4A03-8287-BB29C2C29492}
	EndGlobalSection
EndGlobal
